// !$*UTF8*$!
{
	archiveVersion = 1;
	classes = {
	};
	objectVersion = 46;
	objects = {

/* Begin PBXBuildFile section */
		077547F177E5B9FAED229D1D /* Pods_FirebaseChat.framework in Frameworks */ = {isa = PBXBuildFile; fileRef = 0C83AD8503BAA3A005B90912 /* Pods_FirebaseChat.framework */; };
		4F35D51D1F00158B00DE649F /* AppDelegate.swift in Sources */ = {isa = PBXBuildFile; fileRef = 4F35D51C1F00158B00DE649F /* AppDelegate.swift */; };
		4F35D5221F00158B00DE649F /* Main.storyboard in Resources */ = {isa = PBXBuildFile; fileRef = 4F35D5201F00158B00DE649F /* Main.storyboard */; };
		4F35D5241F00158B00DE649F /* Assets.xcassets in Resources */ = {isa = PBXBuildFile; fileRef = 4F35D5231F00158B00DE649F /* Assets.xcassets */; };
		4F35D5271F00158B00DE649F /* LaunchScreen.storyboard in Resources */ = {isa = PBXBuildFile; fileRef = 4F35D5251F00158B00DE649F /* LaunchScreen.storyboard */; };
		4F448E2B1F00610C00752B77 /* LoginController.swift in Sources */ = {isa = PBXBuildFile; fileRef = 4F448E2A1F00610C00752B77 /* LoginController.swift */; };
		4F7B06401F0778F6002E6BA3 /* Kingfisher.framework in Frameworks */ = {isa = PBXBuildFile; fileRef = 4F7B063F1F0778F6002E6BA3 /* Kingfisher.framework */; };
		4F94C9411F07046E0088310F /* Logincontroller+.swift in Sources */ = {isa = PBXBuildFile; fileRef = 4F94C9401F07046E0088310F /* Logincontroller+.swift */; };
		4F94C9431F076A880088310F /* AdSupport.framework in Frameworks */ = {isa = PBXBuildFile; fileRef = 4F94C9421F076A880088310F /* AdSupport.framework */; };
		4FA55B271F01F7D100DFFF33 /* User.swift in Sources */ = {isa = PBXBuildFile; fileRef = 4FA55B261F01F7D100DFFF33 /* User.swift */; };
		4FA55B291F01FCB200DFFF33 /* UserCell.swift in Sources */ = {isa = PBXBuildFile; fileRef = 4FA55B281F01FCB200DFFF33 /* UserCell.swift */; };
		4FE879B31F01524A007AFE99 /* GoogleService-Info.plist in Resources */ = {isa = PBXBuildFile; fileRef = 4FE879B21F01524A007AFE99 /* GoogleService-Info.plist */; };
		4FFB04E11F09556A002DE54C /* Message.swift in Sources */ = {isa = PBXBuildFile; fileRef = 4FFB04E01F09556A002DE54C /* Message.swift */; };
		C70B9DDE1F12BA55007041B7 /* MessagesTableViewController.swift in Sources */ = {isa = PBXBuildFile; fileRef = C70B9DDD1F12BA55007041B7 /* MessagesTableViewController.swift */; };
		C70B9DE21F12BE3F007041B7 /* MessageCell.swift in Sources */ = {isa = PBXBuildFile; fileRef = C70B9DE11F12BE3F007041B7 /* MessageCell.swift */; };
/* End PBXBuildFile section */

/* Begin PBXFileReference section */
		0C83AD8503BAA3A005B90912 /* Pods_FirebaseChat.framework */ = {isa = PBXFileReference; explicitFileType = wrapper.framework; includeInIndex = 0; path = Pods_FirebaseChat.framework; sourceTree = BUILT_PRODUCTS_DIR; };
		32240B35AB442732D9801A4B /* Pods-FirebaseChat.release.xcconfig */ = {isa = PBXFileReference; includeInIndex = 1; lastKnownFileType = text.xcconfig; name = "Pods-FirebaseChat.release.xcconfig"; path = "Pods/Target Support Files/Pods-FirebaseChat/Pods-FirebaseChat.release.xcconfig"; sourceTree = "<group>"; };
		4F35D5191F00158B00DE649F /* FirebaseChat.app */ = {isa = PBXFileReference; explicitFileType = wrapper.application; includeInIndex = 0; path = FirebaseChat.app; sourceTree = BUILT_PRODUCTS_DIR; };
		4F35D51C1F00158B00DE649F /* AppDelegate.swift */ = {isa = PBXFileReference; lastKnownFileType = sourcecode.swift; path = AppDelegate.swift; sourceTree = "<group>"; };
		4F35D5211F00158B00DE649F /* Base */ = {isa = PBXFileReference; lastKnownFileType = file.storyboard; name = Base; path = Base.lproj/Main.storyboard; sourceTree = "<group>"; };
		4F35D5231F00158B00DE649F /* Assets.xcassets */ = {isa = PBXFileReference; lastKnownFileType = folder.assetcatalog; path = Assets.xcassets; sourceTree = "<group>"; };
		4F35D5261F00158B00DE649F /* Base */ = {isa = PBXFileReference; lastKnownFileType = file.storyboard; name = Base; path = Base.lproj/LaunchScreen.storyboard; sourceTree = "<group>"; };
		4F35D5281F00158B00DE649F /* Info.plist */ = {isa = PBXFileReference; lastKnownFileType = text.plist.xml; path = Info.plist; sourceTree = "<group>"; };
		4F448E2A1F00610C00752B77 /* LoginController.swift */ = {isa = PBXFileReference; fileEncoding = 4; lastKnownFileType = sourcecode.swift; path = LoginController.swift; sourceTree = "<group>"; };
		4F7B063F1F0778F6002E6BA3 /* Kingfisher.framework */ = {isa = PBXFileReference; lastKnownFileType = wrapper.framework; name = Kingfisher.framework; path = "../../../../Library/Developer/Xcode/DerivedData/FirebaseChat-aqqedqehbijttdfvheuzblaftbdd/Build/Products/Debug-iphonesimulator/Kingfisher/Kingfisher.framework"; sourceTree = "<group>"; };
		4F94C9401F07046E0088310F /* Logincontroller+.swift */ = {isa = PBXFileReference; fileEncoding = 4; lastKnownFileType = sourcecode.swift; path = "Logincontroller+.swift"; sourceTree = "<group>"; };
		4F94C9421F076A880088310F /* AdSupport.framework */ = {isa = PBXFileReference; lastKnownFileType = wrapper.framework; name = AdSupport.framework; path = System/Library/Frameworks/AdSupport.framework; sourceTree = SDKROOT; };
		4FA55B261F01F7D100DFFF33 /* User.swift */ = {isa = PBXFileReference; fileEncoding = 4; lastKnownFileType = sourcecode.swift; path = User.swift; sourceTree = "<group>"; };
		4FA55B281F01FCB200DFFF33 /* UserCell.swift */ = {isa = PBXFileReference; fileEncoding = 4; lastKnownFileType = sourcecode.swift; path = UserCell.swift; sourceTree = "<group>"; };
		4FE879B21F01524A007AFE99 /* GoogleService-Info.plist */ = {isa = PBXFileReference; fileEncoding = 4; lastKnownFileType = text.plist.xml; path = "GoogleService-Info.plist"; sourceTree = "<group>"; };
		4FFB04E01F09556A002DE54C /* Message.swift */ = {isa = PBXFileReference; fileEncoding = 4; lastKnownFileType = sourcecode.swift; path = Message.swift; sourceTree = "<group>"; };
		C70B9DDD1F12BA55007041B7 /* MessagesTableViewController.swift */ = {isa = PBXFileReference; fileEncoding = 4; lastKnownFileType = sourcecode.swift; path = MessagesTableViewController.swift; sourceTree = "<group>"; };
		C70B9DE11F12BE3F007041B7 /* MessageCell.swift */ = {isa = PBXFileReference; fileEncoding = 4; lastKnownFileType = sourcecode.swift; path = MessageCell.swift; sourceTree = "<group>"; };
		E61E8D52A479CCD17570FC23 /* Pods-FirebaseChat.debug.xcconfig */ = {isa = PBXFileReference; includeInIndex = 1; lastKnownFileType = text.xcconfig; name = "Pods-FirebaseChat.debug.xcconfig"; path = "Pods/Target Support Files/Pods-FirebaseChat/Pods-FirebaseChat.debug.xcconfig"; sourceTree = "<group>"; };
/* End PBXFileReference section */

/* Begin PBXFrameworksBuildPhase section */
		4F35D5161F00158B00DE649F /* Frameworks */ = {
			isa = PBXFrameworksBuildPhase;
			buildActionMask = 2147483647;
			files = (
				4F7B06401F0778F6002E6BA3 /* Kingfisher.framework in Frameworks */,
				4F94C9431F076A880088310F /* AdSupport.framework in Frameworks */,
				077547F177E5B9FAED229D1D /* Pods_FirebaseChat.framework in Frameworks */,
			);
			runOnlyForDeploymentPostprocessing = 0;
		};
/* End PBXFrameworksBuildPhase section */

/* Begin PBXGroup section */
		4F35D5101F00158A00DE649F = {
			isa = PBXGroup;
			children = (
				4F35D51B1F00158B00DE649F /* FirebaseChat */,
				4F35D51A1F00158B00DE649F /* Products */,
				5AC8F33A44ED30476C7A39AD /* Pods */,
				CD343E799D61DC3665D04C42 /* Frameworks */,
			);
			sourceTree = "<group>";
		};
		4F35D51A1F00158B00DE649F /* Products */ = {
			isa = PBXGroup;
			children = (
				4F35D5191F00158B00DE649F /* FirebaseChat.app */,
			);
			name = Products;
			sourceTree = "<group>";
		};
		4F35D51B1F00158B00DE649F /* FirebaseChat */ = {
			isa = PBXGroup;
			children = (
				4FFB04E41F099234002DE54C /* View */,
				4FA55B251F01F7B800DFFF33 /* Model */,
				4FE879B21F01524A007AFE99 /* GoogleService-Info.plist */,
				4F448E291F0060D900752B77 /* Controller */,
				4F35D51C1F00158B00DE649F /* AppDelegate.swift */,
				4F35D5201F00158B00DE649F /* Main.storyboard */,
				4F35D5231F00158B00DE649F /* Assets.xcassets */,
				4F35D5251F00158B00DE649F /* LaunchScreen.storyboard */,
				4F35D5281F00158B00DE649F /* Info.plist */,
			);
			path = FirebaseChat;
			sourceTree = "<group>";
		};
		4F448E291F0060D900752B77 /* Controller */ = {
			isa = PBXGroup;
			children = (
				4F448E2A1F00610C00752B77 /* LoginController.swift */,
				4F94C9401F07046E0088310F /* Logincontroller+.swift */,
				C70B9DDD1F12BA55007041B7 /* MessagesTableViewController.swift */,
			);
			name = Controller;
			sourceTree = "<group>";
		};
		4FA55B251F01F7B800DFFF33 /* Model */ = {
			isa = PBXGroup;
			children = (
				4FA55B261F01F7D100DFFF33 /* User.swift */,
				4FFB04E01F09556A002DE54C /* Message.swift */,
			);
			name = Model;
			sourceTree = "<group>";
		};
		4FFB04E41F099234002DE54C /* View */ = {
			isa = PBXGroup;
			children = (
				4FA55B281F01FCB200DFFF33 /* UserCell.swift */,
				C70B9DE11F12BE3F007041B7 /* MessageCell.swift */,
			);
			name = View;
			sourceTree = "<group>";
		};
		5AC8F33A44ED30476C7A39AD /* Pods */ = {
			isa = PBXGroup;
			children = (
				E61E8D52A479CCD17570FC23 /* Pods-FirebaseChat.debug.xcconfig */,
				32240B35AB442732D9801A4B /* Pods-FirebaseChat.release.xcconfig */,
			);
			name = Pods;
			sourceTree = "<group>";
		};
		CD343E799D61DC3665D04C42 /* Frameworks */ = {
			isa = PBXGroup;
			children = (
				4F7B063F1F0778F6002E6BA3 /* Kingfisher.framework */,
				4F94C9421F076A880088310F /* AdSupport.framework */,
				0C83AD8503BAA3A005B90912 /* Pods_FirebaseChat.framework */,
			);
			name = Frameworks;
			sourceTree = "<group>";
		};
/* End PBXGroup section */

/* Begin PBXNativeTarget section */
		4F35D5181F00158B00DE649F /* FirebaseChat */ = {
			isa = PBXNativeTarget;
			buildConfigurationList = 4F35D52B1F00158B00DE649F /* Build configuration list for PBXNativeTarget "FirebaseChat" */;
			buildPhases = (
				BE709EEE9459F244F7A51581 /* [CP] Check Pods Manifest.lock */,
				4F35D5151F00158B00DE649F /* Sources */,
				4F35D5161F00158B00DE649F /* Frameworks */,
				4F35D5171F00158B00DE649F /* Resources */,
				9C6D39BCB246B22B69030394 /* [CP] Embed Pods Frameworks */,
				4648C4C63C757FEA4506A749 /* [CP] Copy Pods Resources */,
			);
			buildRules = (
			);
			dependencies = (
			);
			name = FirebaseChat;
			productName = FirebaseChat;
			productReference = 4F35D5191F00158B00DE649F /* FirebaseChat.app */;
			productType = "com.apple.product-type.application";
		};
/* End PBXNativeTarget section */

/* Begin PBXProject section */
		4F35D5111F00158A00DE649F /* Project object */ = {
			isa = PBXProject;
			attributes = {
				LastSwiftUpdateCheck = 0830;
				LastUpgradeCheck = 0830;
				ORGANIZATIONNAME = Joopooli;
				TargetAttributes = {
					4F35D5181F00158B00DE649F = {
						CreatedOnToolsVersion = 8.3;
						DevelopmentTeam = M3K3GULW57;
						ProvisioningStyle = Automatic;
					};
				};
			};
			buildConfigurationList = 4F35D5141F00158A00DE649F /* Build configuration list for PBXProject "FirebaseChat" */;
			compatibilityVersion = "Xcode 3.2";
			developmentRegion = English;
			hasScannedForEncodings = 0;
			knownRegions = (
				en,
				Base,
			);
			mainGroup = 4F35D5101F00158A00DE649F;
			productRefGroup = 4F35D51A1F00158B00DE649F /* Products */;
			projectDirPath = "";
			projectRoot = "";
			targets = (
				4F35D5181F00158B00DE649F /* FirebaseChat */,
			);
		};
/* End PBXProject section */

/* Begin PBXResourcesBuildPhase section */
		4F35D5171F00158B00DE649F /* Resources */ = {
			isa = PBXResourcesBuildPhase;
			buildActionMask = 2147483647;
			files = (
				4F35D5271F00158B00DE649F /* LaunchScreen.storyboard in Resources */,
				4FE879B31F01524A007AFE99 /* GoogleService-Info.plist in Resources */,
				4F35D5241F00158B00DE649F /* Assets.xcassets in Resources */,
				4F35D5221F00158B00DE649F /* Main.storyboard in Resources */,
			);
			runOnlyForDeploymentPostprocessing = 0;
		};
/* End PBXResourcesBuildPhase section */

/* Begin PBXShellScriptBuildPhase section */
		4648C4C63C757FEA4506A749 /* [CP] Copy Pods Resources */ = {
			isa = PBXShellScriptBuildPhase;
			buildActionMask = 2147483647;
			files = (
			);
			inputPaths = (
			);
			name = "[CP] Copy Pods Resources";
			outputPaths = (
			);
			runOnlyForDeploymentPostprocessing = 0;
			shellPath = /bin/sh;
			shellScript = "\"${SRCROOT}/Pods/Target Support Files/Pods-FirebaseChat/Pods-FirebaseChat-resources.sh\"\n";
			showEnvVarsInLog = 0;
		};
		9C6D39BCB246B22B69030394 /* [CP] Embed Pods Frameworks */ = {
			isa = PBXShellScriptBuildPhase;
			buildActionMask = 2147483647;
			files = (
			);
			inputPaths = (
			);
			name = "[CP] Embed Pods Frameworks";
			outputPaths = (
			);
			runOnlyForDeploymentPostprocessing = 0;
			shellPath = /bin/sh;
			shellScript = "\"${SRCROOT}/Pods/Target Support Files/Pods-FirebaseChat/Pods-FirebaseChat-frameworks.sh\"\n";
			showEnvVarsInLog = 0;
		};
		BE709EEE9459F244F7A51581 /* [CP] Check Pods Manifest.lock */ = {
			isa = PBXShellScriptBuildPhase;
			buildActionMask = 2147483647;
			files = (
			);
			inputPaths = (
			);
			name = "[CP] Check Pods Manifest.lock";
			outputPaths = (
			);
			runOnlyForDeploymentPostprocessing = 0;
			shellPath = /bin/sh;
			shellScript = "diff \"${PODS_PODFILE_DIR_PATH}/Podfile.lock\" \"${PODS_ROOT}/Manifest.lock\" > /dev/null\nif [ $? != 0 ] ; then\n    # print error to STDERR\n    echo \"error: The sandbox is not in sync with the Podfile.lock. Run 'pod install' or update your CocoaPods installation.\" >&2\n    exit 1\nfi\n";
			showEnvVarsInLog = 0;
		};
/* End PBXShellScriptBuildPhase section */

/* Begin PBXSourcesBuildPhase section */
		4F35D5151F00158B00DE649F /* Sources */ = {
			isa = PBXSourcesBuildPhase;
			buildActionMask = 2147483647;
			files = (
				4F35D51D1F00158B00DE649F /* AppDelegate.swift in Sources */,
				4FA55B291F01FCB200DFFF33 /* UserCell.swift in Sources */,
				C70B9DDE1F12BA55007041B7 /* MessagesTableViewController.swift in Sources */,
				4FFB04E11F09556A002DE54C /* Message.swift in Sources */,
				4F448E2B1F00610C00752B77 /* LoginController.swift in Sources */,
				4F94C9411F07046E0088310F /* Logincontroller+.swift in Sources */,
				4FA55B271F01F7D100DFFF33 /* User.swift in Sources */,
				C70B9DE21F12BE3F007041B7 /* MessageCell.swift in Sources */,
			);
			runOnlyForDeploymentPostprocessing = 0;
		};
/* End PBXSourcesBuildPhase section */

/* Begin PBXVariantGroup section */
		4F35D5201F00158B00DE649F /* Main.storyboard */ = {
			isa = PBXVariantGroup;
			children = (
				4F35D5211F00158B00DE649F /* Base */,
			);
			name = Main.storyboard;
			sourceTree = "<group>";
		};
		4F35D5251F00158B00DE649F /* LaunchScreen.storyboard */ = {
			isa = PBXVariantGroup;
			children = (
				4F35D5261F00158B00DE649F /* Base */,
			);
			name = LaunchScreen.storyboard;
			sourceTree = "<group>";
		};
/* End PBXVariantGroup section */

/* Begin XCBuildConfiguration section */
		4F35D5291F00158B00DE649F /* Debug */ = {
			isa = XCBuildConfiguration;
			buildSettings = {
				ALWAYS_SEARCH_USER_PATHS = NO;
				CLANG_ANALYZER_NONNULL = YES;
				CLANG_ANALYZER_NUMBER_OBJECT_CONVERSION = YES_AGGRESSIVE;
				CLANG_CXX_LANGUAGE_STANDARD = "gnu++0x";
				CLANG_CXX_LIBRARY = "libc++";
				CLANG_ENABLE_MODULES = YES;
				CLANG_ENABLE_OBJC_ARC = YES;
				CLANG_WARN_BOOL_CONVERSION = YES;
				CLANG_WARN_CONSTANT_CONVERSION = YES;
				CLANG_WARN_DIRECT_OBJC_ISA_USAGE = YES_ERROR;
				CLANG_WARN_DOCUMENTATION_COMMENTS = YES;
				CLANG_WARN_EMPTY_BODY = YES;
				CLANG_WARN_ENUM_CONVERSION = YES;
				CLANG_WARN_INFINITE_RECURSION = YES;
				CLANG_WARN_INT_CONVERSION = YES;
				CLANG_WARN_OBJC_ROOT_CLASS = YES_ERROR;
				CLANG_WARN_SUSPICIOUS_MOVE = YES;
				CLANG_WARN_UNREACHABLE_CODE = YES;
				CLANG_WARN__DUPLICATE_METHOD_MATCH = YES;
				"CODE_SIGN_IDENTITY[sdk=iphoneos*]" = "iPhone Developer";
				COPY_PHASE_STRIP = NO;
				DEBUG_INFORMATION_FORMAT = dwarf;
				ENABLE_STRICT_OBJC_MSGSEND = YES;
				ENABLE_TESTABILITY = YES;
				GCC_C_LANGUAGE_STANDARD = gnu99;
				GCC_DYNAMIC_NO_PIC = NO;
				GCC_NO_COMMON_BLOCKS = YES;
				GCC_OPTIMIZATION_LEVEL = 0;
				GCC_PREPROCESSOR_DEFINITIONS = (
					"DEBUG=1",
					"$(inherited)",
				);
				GCC_WARN_64_TO_32_BIT_CONVERSION = YES;
				GCC_WARN_ABOUT_RETURN_TYPE = YES_ERROR;
				GCC_WARN_UNDECLARED_SELECTOR = YES;
				GCC_WARN_UNINITIALIZED_AUTOS = YES_AGGRESSIVE;
				GCC_WARN_UNUSED_FUNCTION = YES;
				GCC_WARN_UNUSED_VARIABLE = YES;
				IPHONEOS_DEPLOYMENT_TARGET = 10.3;
				MTL_ENABLE_DEBUG_INFO = YES;
				ONLY_ACTIVE_ARCH = YES;
				SDKROOT = iphoneos;
				SWIFT_ACTIVE_COMPILATION_CONDITIONS = DEBUG;
				SWIFT_OPTIMIZATION_LEVEL = "-Onone";
				TARGETED_DEVICE_FAMILY = "1,2";
			};
			name = Debug;
		};
		4F35D52A1F00158B00DE649F /* Release */ = {
			isa = XCBuildConfiguration;
			buildSettings = {
				ALWAYS_SEARCH_USER_PATHS = NO;
				CLANG_ANALYZER_NONNULL = YES;
				CLANG_ANALYZER_NUMBER_OBJECT_CONVERSION = YES_AGGRESSIVE;
				CLANG_CXX_LANGUAGE_STANDARD = "gnu++0x";
				CLANG_CXX_LIBRARY = "libc++";
				CLANG_ENABLE_MODULES = YES;
				CLANG_ENABLE_OBJC_ARC = YES;
				CLANG_WARN_BOOL_CONVERSION = YES;
				CLANG_WARN_CONSTANT_CONVERSION = YES;
				CLANG_WARN_DIRECT_OBJC_ISA_USAGE = YES_ERROR;
				CLANG_WARN_DOCUMENTATION_COMMENTS = YES;
				CLANG_WARN_EMPTY_BODY = YES;
				CLANG_WARN_ENUM_CONVERSION = YES;
				CLANG_WARN_INFINITE_RECURSION = YES;
				CLANG_WARN_INT_CONVERSION = YES;
				CLANG_WARN_OBJC_ROOT_CLASS = YES_ERROR;
				CLANG_WARN_SUSPICIOUS_MOVE = YES;
				CLANG_WARN_UNREACHABLE_CODE = YES;
				CLANG_WARN__DUPLICATE_METHOD_MATCH = YES;
				"CODE_SIGN_IDENTITY[sdk=iphoneos*]" = "iPhone Developer";
				COPY_PHASE_STRIP = NO;
				DEBUG_INFORMATION_FORMAT = "dwarf-with-dsym";
				ENABLE_NS_ASSERTIONS = NO;
				ENABLE_STRICT_OBJC_MSGSEND = YES;
				GCC_C_LANGUAGE_STANDARD = gnu99;
				GCC_NO_COMMON_BLOCKS = YES;
				GCC_WARN_64_TO_32_BIT_CONVERSION = YES;
				GCC_WARN_ABOUT_RETURN_TYPE = YES_ERROR;
				GCC_WARN_UNDECLARED_SELECTOR = YES;
				GCC_WARN_UNINITIALIZED_AUTOS = YES_AGGRESSIVE;
				GCC_WARN_UNUSED_FUNCTION = YES;
				GCC_WARN_UNUSED_VARIABLE = YES;
				IPHONEOS_DEPLOYMENT_TARGET = 10.3;
				MTL_ENABLE_DEBUG_INFO = NO;
				SDKROOT = iphoneos;
				SWIFT_OPTIMIZATION_LEVEL = "-Owholemodule";
				TARGETED_DEVICE_FAMILY = "1,2";
				VALIDATE_PRODUCT = YES;
			};
			name = Release;
		};
		4F35D52C1F00158B00DE649F /* Debug */ = {
			isa = XCBuildConfiguration;
			baseConfigurationReference = E61E8D52A479CCD17570FC23 /* Pods-FirebaseChat.debug.xcconfig */;
			buildSettings = {
				ASSETCATALOG_COMPILER_APPICON_NAME = AppIcon;
				DEVELOPMENT_TEAM = M3K3GULW57;
				INFOPLIST_FILE = FirebaseChat/Info.plist;
				LD_RUNPATH_SEARCH_PATHS = "$(inherited) @executable_path/Frameworks";
				PRODUCT_BUNDLE_IDENTIFIER = com.ASJ.FirebaseChat;
				PRODUCT_NAME = "$(TARGET_NAME)";
				SWIFT_VERSION = 3.0;
			};
			name = Debug;
		};
		4F35D52D1F00158B00DE649F /* Release */ = {
			isa = XCBuildConfiguration;
			baseConfigurationReference = 32240B35AB442732D9801A4B /* Pods-FirebaseChat.release.xcconfig */;
			buildSettings = {
				ASSETCATALOG_COMPILER_APPICON_NAME = AppIcon;
				DEVELOPMENT_TEAM = M3K3GULW57;
				INFOPLIST_FILE = FirebaseChat/Info.plist;
				LD_RUNPATH_SEARCH_PATHS = "$(inherited) @executable_path/Frameworks";
				PRODUCT_BUNDLE_IDENTIFIER = com.ASJ.FirebaseChat;
				PRODUCT_NAME = "$(TARGET_NAME)";
				SWIFT_VERSION = 3.0;
			};
			name = Release;
		};
/* End XCBuildConfiguration section */

/* Begin XCConfigurationList section */
		4F35D5141F00158A00DE649F /* Build configuration list for PBXProject "FirebaseChat" */ = {
			isa = XCConfigurationList;
			buildConfigurations = (
				4F35D5291F00158B00DE649F /* Debug */,
				4F35D52A1F00158B00DE649F /* Release */,
			);
			defaultConfigurationIsVisible = 0;
			defaultConfigurationName = Release;
		};
		4F35D52B1F00158B00DE649F /* Build configuration list for PBXNativeTarget "FirebaseChat" */ = {
			isa = XCConfigurationList;
			buildConfigurations = (
				4F35D52C1F00158B00DE649F /* Debug */,
				4F35D52D1F00158B00DE649F /* Release */,
			);
			defaultConfigurationIsVisible = 0;
			defaultConfigurationName = Release;
		};
/* End XCConfigurationList section */
	};
	rootObject = 4F35D5111F00158A00DE649F /* Project object */;
}
